// !$*UTF8*$!
{
	archiveVersion = 1;
	classes = {
	};
	objectVersion = 56;
	objects = {

/* Begin PBXBuildFile section */
		A35995A52BCF2CF1005677FF /* SettingsView.swift in Sources */ = {isa = PBXBuildFile; fileRef = A35995A42BCF2CF1005677FF /* SettingsView.swift */; };
		A36D78592BACB6C500ABFEB7 /* DetailedPlayerView.swift in Sources */ = {isa = PBXBuildFile; fileRef = A36D78582BACB6C500ABFEB7 /* DetailedPlayerView.swift */; };
		A36D785B2BACB93600ABFEB7 /* PlayersView.swift in Sources */ = {isa = PBXBuildFile; fileRef = A36D785A2BACB93600ABFEB7 /* PlayersView.swift */; };
		A36D785D2BACBA2B00ABFEB7 /* ResultsView.swift in Sources */ = {isa = PBXBuildFile; fileRef = A36D785C2BACBA2B00ABFEB7 /* ResultsView.swift */; };
		A36D785F2BB34DCF00ABFEB7 /* GameView.swift in Sources */ = {isa = PBXBuildFile; fileRef = A36D785E2BB34DCF00ABFEB7 /* GameView.swift */; };
		A37CF65F2AC4EF4B0023366C /* Ping_PongApp.swift in Sources */ = {isa = PBXBuildFile; fileRef = A37CF65E2AC4EF4B0023366C /* Ping_PongApp.swift */; };
		A37CF6612AC4EF4B0023366C /* ContentView.swift in Sources */ = {isa = PBXBuildFile; fileRef = A37CF6602AC4EF4B0023366C /* ContentView.swift */; };
		A37CF6632AC4EF4D0023366C /* Assets.xcassets in Resources */ = {isa = PBXBuildFile; fileRef = A37CF6622AC4EF4D0023366C /* Assets.xcassets */; };
		A37CF6662AC4EF4D0023366C /* Preview Assets.xcassets in Resources */ = {isa = PBXBuildFile; fileRef = A37CF6652AC4EF4D0023366C /* Preview Assets.xcassets */; };
		A3DC898A2B503F7F009DA3F0 /* DataManager.swift in Sources */ = {isa = PBXBuildFile; fileRef = A3DC89892B503F7F009DA3F0 /* DataManager.swift */; };
/* End PBXBuildFile section */

/* Begin PBXFileReference section */
		A35995A42BCF2CF1005677FF /* SettingsView.swift */ = {isa = PBXFileReference; lastKnownFileType = sourcecode.swift; path = SettingsView.swift; sourceTree = "<group>"; };
		A36D78582BACB6C500ABFEB7 /* DetailedPlayerView.swift */ = {isa = PBXFileReference; lastKnownFileType = sourcecode.swift; path = DetailedPlayerView.swift; sourceTree = "<group>"; };
		A36D785A2BACB93600ABFEB7 /* PlayersView.swift */ = {isa = PBXFileReference; lastKnownFileType = sourcecode.swift; path = PlayersView.swift; sourceTree = "<group>"; };
		A36D785C2BACBA2B00ABFEB7 /* ResultsView.swift */ = {isa = PBXFileReference; lastKnownFileType = sourcecode.swift; path = ResultsView.swift; sourceTree = "<group>"; };
		A36D785E2BB34DCF00ABFEB7 /* GameView.swift */ = {isa = PBXFileReference; lastKnownFileType = sourcecode.swift; path = GameView.swift; sourceTree = "<group>"; };
		A37CF65B2AC4EF4B0023366C /* Ping Pong.app */ = {isa = PBXFileReference; explicitFileType = wrapper.application; includeInIndex = 0; path = "Ping Pong.app"; sourceTree = BUILT_PRODUCTS_DIR; };
		A37CF65E2AC4EF4B0023366C /* Ping_PongApp.swift */ = {isa = PBXFileReference; lastKnownFileType = sourcecode.swift; path = Ping_PongApp.swift; sourceTree = "<group>"; };
		A37CF6602AC4EF4B0023366C /* ContentView.swift */ = {isa = PBXFileReference; lastKnownFileType = sourcecode.swift; path = ContentView.swift; sourceTree = "<group>"; };
		A37CF6622AC4EF4D0023366C /* Assets.xcassets */ = {isa = PBXFileReference; lastKnownFileType = folder.assetcatalog; path = Assets.xcassets; sourceTree = "<group>"; };
		A37CF6652AC4EF4D0023366C /* Preview Assets.xcassets */ = {isa = PBXFileReference; lastKnownFileType = folder.assetcatalog; path = "Preview Assets.xcassets"; sourceTree = "<group>"; };
		A387AB442BCF4CDD00A5CBD9 /* Ping Pong.entitlements */ = {isa = PBXFileReference; lastKnownFileType = text.plist.entitlements; path = "Ping Pong.entitlements"; sourceTree = "<group>"; };
		A387AB452BCFF27200A5CBD9 /* Ping-Pong-Info.plist */ = {isa = PBXFileReference; lastKnownFileType = text.plist; path = "Ping-Pong-Info.plist"; sourceTree = SOURCE_ROOT; };
		A3DC89892B503F7F009DA3F0 /* DataManager.swift */ = {isa = PBXFileReference; lastKnownFileType = sourcecode.swift; path = DataManager.swift; sourceTree = "<group>"; };
/* End PBXFileReference section */

/* Begin PBXFrameworksBuildPhase section */
		A37CF6582AC4EF4B0023366C /* Frameworks */ = {
			isa = PBXFrameworksBuildPhase;
			buildActionMask = 2147483647;
			files = (
			);
			runOnlyForDeploymentPostprocessing = 0;
		};
/* End PBXFrameworksBuildPhase section */

/* Begin PBXGroup section */
		A37CF6522AC4EF4B0023366C = {
			isa = PBXGroup;
			children = (
				A37CF65D2AC4EF4B0023366C /* Ping Pong */,
				A37CF65C2AC4EF4B0023366C /* Products */,
			);
			sourceTree = "<group>";
		};
		A37CF65C2AC4EF4B0023366C /* Products */ = {
			isa = PBXGroup;
			children = (
				A37CF65B2AC4EF4B0023366C /* Ping Pong.app */,
			);
			name = Products;
			sourceTree = "<group>";
		};
		A37CF65D2AC4EF4B0023366C /* Ping Pong */ = {
			isa = PBXGroup;
			children = (
				A387AB452BCFF27200A5CBD9 /* Ping-Pong-Info.plist */,
				A387AB442BCF4CDD00A5CBD9 /* Ping Pong.entitlements */,
				A37CF65E2AC4EF4B0023366C /* Ping_PongApp.swift */,
				A37CF6602AC4EF4B0023366C /* ContentView.swift */,
				A36D785C2BACBA2B00ABFEB7 /* ResultsView.swift */,
				A35995A42BCF2CF1005677FF /* SettingsView.swift */,
				A36D785A2BACB93600ABFEB7 /* PlayersView.swift */,
				A36D78582BACB6C500ABFEB7 /* DetailedPlayerView.swift */,
				A36D785E2BB34DCF00ABFEB7 /* GameView.swift */,
				A3DC89892B503F7F009DA3F0 /* DataManager.swift */,
				A37CF6622AC4EF4D0023366C /* Assets.xcassets */,
				A37CF6642AC4EF4D0023366C /* Preview Content */,
			);
			path = "Ping Pong";
			sourceTree = "<group>";
		};
		A37CF6642AC4EF4D0023366C /* Preview Content */ = {
			isa = PBXGroup;
			children = (
				A37CF6652AC4EF4D0023366C /* Preview Assets.xcassets */,
			);
			path = "Preview Content";
			sourceTree = "<group>";
		};
/* End PBXGroup section */

/* Begin PBXNativeTarget section */
		A37CF65A2AC4EF4B0023366C /* Ping Pong */ = {
			isa = PBXNativeTarget;
			buildConfigurationList = A37CF6692AC4EF4D0023366C /* Build configuration list for PBXNativeTarget "Ping Pong" */;
			buildPhases = (
				A37CF6572AC4EF4B0023366C /* Sources */,
				A37CF6582AC4EF4B0023366C /* Frameworks */,
				A37CF6592AC4EF4B0023366C /* Resources */,
			);
			buildRules = (
			);
			dependencies = (
			);
			name = "Ping Pong";
			productName = "Ping Pong";
			productReference = A37CF65B2AC4EF4B0023366C /* Ping Pong.app */;
			productType = "com.apple.product-type.application";
		};
/* End PBXNativeTarget section */

/* Begin PBXProject section */
		A37CF6532AC4EF4B0023366C /* Project object */ = {
			isa = PBXProject;
			attributes = {
				BuildIndependentTargetsInParallel = 1;
				LastSwiftUpdateCheck = 1430;
				LastUpgradeCheck = 1530;
				TargetAttributes = {
					A37CF65A2AC4EF4B0023366C = {
						CreatedOnToolsVersion = 14.3.1;
					};
				};
			};
			buildConfigurationList = A37CF6562AC4EF4B0023366C /* Build configuration list for PBXProject "Ping Pong" */;
			compatibilityVersion = "Xcode 14.0";
			developmentRegion = en;
			hasScannedForEncodings = 0;
			knownRegions = (
				en,
				Base,
			);
			mainGroup = A37CF6522AC4EF4B0023366C;
			productRefGroup = A37CF65C2AC4EF4B0023366C /* Products */;
			projectDirPath = "";
			projectRoot = "";
			targets = (
				A37CF65A2AC4EF4B0023366C /* Ping Pong */,
			);
		};
/* End PBXProject section */

/* Begin PBXResourcesBuildPhase section */
		A37CF6592AC4EF4B0023366C /* Resources */ = {
			isa = PBXResourcesBuildPhase;
			buildActionMask = 2147483647;
			files = (
				A37CF6662AC4EF4D0023366C /* Preview Assets.xcassets in Resources */,
				A37CF6632AC4EF4D0023366C /* Assets.xcassets in Resources */,
			);
			runOnlyForDeploymentPostprocessing = 0;
		};
/* End PBXResourcesBuildPhase section */

/* Begin PBXSourcesBuildPhase section */
		A37CF6572AC4EF4B0023366C /* Sources */ = {
			isa = PBXSourcesBuildPhase;
			buildActionMask = 2147483647;
			files = (
				A37CF6612AC4EF4B0023366C /* ContentView.swift in Sources */,
				A35995A52BCF2CF1005677FF /* SettingsView.swift in Sources */,
				A36D785B2BACB93600ABFEB7 /* PlayersView.swift in Sources */,
				A36D78592BACB6C500ABFEB7 /* DetailedPlayerView.swift in Sources */,
				A36D785D2BACBA2B00ABFEB7 /* ResultsView.swift in Sources */,
				A3DC898A2B503F7F009DA3F0 /* DataManager.swift in Sources */,
				A37CF65F2AC4EF4B0023366C /* Ping_PongApp.swift in Sources */,
				A36D785F2BB34DCF00ABFEB7 /* GameView.swift in Sources */,
			);
			runOnlyForDeploymentPostprocessing = 0;
		};
/* End PBXSourcesBuildPhase section */

/* Begin XCBuildConfiguration section */
		A37CF6672AC4EF4D0023366C /* Debug */ = {
			isa = XCBuildConfiguration;
			buildSettings = {
				ALWAYS_SEARCH_USER_PATHS = NO;
				ASSETCATALOG_COMPILER_GENERATE_SWIFT_ASSET_SYMBOL_EXTENSIONS = YES;
				CLANG_ANALYZER_NONNULL = YES;
				CLANG_ANALYZER_NUMBER_OBJECT_CONVERSION = YES_AGGRESSIVE;
				CLANG_CXX_LANGUAGE_STANDARD = "gnu++20";
				CLANG_ENABLE_MODULES = YES;
				CLANG_ENABLE_OBJC_ARC = YES;
				CLANG_ENABLE_OBJC_WEAK = YES;
				CLANG_WARN_BLOCK_CAPTURE_AUTORELEASING = YES;
				CLANG_WARN_BOOL_CONVERSION = YES;
				CLANG_WARN_COMMA = YES;
				CLANG_WARN_CONSTANT_CONVERSION = YES;
				CLANG_WARN_DEPRECATED_OBJC_IMPLEMENTATIONS = YES;
				CLANG_WARN_DIRECT_OBJC_ISA_USAGE = YES_ERROR;
				CLANG_WARN_DOCUMENTATION_COMMENTS = YES;
				CLANG_WARN_EMPTY_BODY = YES;
				CLANG_WARN_ENUM_CONVERSION = YES;
				CLANG_WARN_INFINITE_RECURSION = YES;
				CLANG_WARN_INT_CONVERSION = YES;
				CLANG_WARN_NON_LITERAL_NULL_CONVERSION = YES;
				CLANG_WARN_OBJC_IMPLICIT_RETAIN_SELF = YES;
				CLANG_WARN_OBJC_LITERAL_CONVERSION = YES;
				CLANG_WARN_OBJC_ROOT_CLASS = YES_ERROR;
				CLANG_WARN_QUOTED_INCLUDE_IN_FRAMEWORK_HEADER = YES;
				CLANG_WARN_RANGE_LOOP_ANALYSIS = YES;
				CLANG_WARN_STRICT_PROTOTYPES = YES;
				CLANG_WARN_SUSPICIOUS_MOVE = YES;
				CLANG_WARN_UNGUARDED_AVAILABILITY = YES_AGGRESSIVE;
				CLANG_WARN_UNREACHABLE_CODE = YES;
				CLANG_WARN__DUPLICATE_METHOD_MATCH = YES;
				COPY_PHASE_STRIP = NO;
				DEBUG_INFORMATION_FORMAT = dwarf;
				ENABLE_STRICT_OBJC_MSGSEND = YES;
				ENABLE_TESTABILITY = YES;
				ENABLE_USER_SCRIPT_SANDBOXING = YES;
				GCC_C_LANGUAGE_STANDARD = gnu11;
				GCC_DYNAMIC_NO_PIC = NO;
				GCC_NO_COMMON_BLOCKS = YES;
				GCC_OPTIMIZATION_LEVEL = 0;
				GCC_PREPROCESSOR_DEFINITIONS = (
					"DEBUG=1",
					"$(inherited)",
				);
				GCC_WARN_64_TO_32_BIT_CONVERSION = YES;
				GCC_WARN_ABOUT_RETURN_TYPE = YES_ERROR;
				GCC_WARN_UNDECLARED_SELECTOR = YES;
				GCC_WARN_UNINITIALIZED_AUTOS = YES_AGGRESSIVE;
				GCC_WARN_UNUSED_FUNCTION = YES;
				GCC_WARN_UNUSED_VARIABLE = YES;
				IPHONEOS_DEPLOYMENT_TARGET = 17.4;
				MTL_ENABLE_DEBUG_INFO = INCLUDE_SOURCE;
				MTL_FAST_MATH = YES;
				ONLY_ACTIVE_ARCH = YES;
				SDKROOT = iphoneos;
				SWIFT_ACTIVE_COMPILATION_CONDITIONS = DEBUG;
				SWIFT_OPTIMIZATION_LEVEL = "-Onone";
				TARGETED_DEVICE_FAMILY = iPad;
			};
			name = Debug;
		};
		A37CF6682AC4EF4D0023366C /* Release */ = {
			isa = XCBuildConfiguration;
			buildSettings = {
				ALWAYS_SEARCH_USER_PATHS = NO;
				ASSETCATALOG_COMPILER_GENERATE_SWIFT_ASSET_SYMBOL_EXTENSIONS = YES;
				CLANG_ANALYZER_NONNULL = YES;
				CLANG_ANALYZER_NUMBER_OBJECT_CONVERSION = YES_AGGRESSIVE;
				CLANG_CXX_LANGUAGE_STANDARD = "gnu++20";
				CLANG_ENABLE_MODULES = YES;
				CLANG_ENABLE_OBJC_ARC = YES;
				CLANG_ENABLE_OBJC_WEAK = YES;
				CLANG_WARN_BLOCK_CAPTURE_AUTORELEASING = YES;
				CLANG_WARN_BOOL_CONVERSION = YES;
				CLANG_WARN_COMMA = YES;
				CLANG_WARN_CONSTANT_CONVERSION = YES;
				CLANG_WARN_DEPRECATED_OBJC_IMPLEMENTATIONS = YES;
				CLANG_WARN_DIRECT_OBJC_ISA_USAGE = YES_ERROR;
				CLANG_WARN_DOCUMENTATION_COMMENTS = YES;
				CLANG_WARN_EMPTY_BODY = YES;
				CLANG_WARN_ENUM_CONVERSION = YES;
				CLANG_WARN_INFINITE_RECURSION = YES;
				CLANG_WARN_INT_CONVERSION = YES;
				CLANG_WARN_NON_LITERAL_NULL_CONVERSION = YES;
				CLANG_WARN_OBJC_IMPLICIT_RETAIN_SELF = YES;
				CLANG_WARN_OBJC_LITERAL_CONVERSION = YES;
				CLANG_WARN_OBJC_ROOT_CLASS = YES_ERROR;
				CLANG_WARN_QUOTED_INCLUDE_IN_FRAMEWORK_HEADER = YES;
				CLANG_WARN_RANGE_LOOP_ANALYSIS = YES;
				CLANG_WARN_STRICT_PROTOTYPES = YES;
				CLANG_WARN_SUSPICIOUS_MOVE = YES;
				CLANG_WARN_UNGUARDED_AVAILABILITY = YES_AGGRESSIVE;
				CLANG_WARN_UNREACHABLE_CODE = YES;
				CLANG_WARN__DUPLICATE_METHOD_MATCH = YES;
				COPY_PHASE_STRIP = NO;
				DEBUG_INFORMATION_FORMAT = "dwarf-with-dsym";
				ENABLE_NS_ASSERTIONS = NO;
				ENABLE_STRICT_OBJC_MSGSEND = YES;
				ENABLE_USER_SCRIPT_SANDBOXING = YES;
				GCC_C_LANGUAGE_STANDARD = gnu11;
				GCC_NO_COMMON_BLOCKS = YES;
				GCC_WARN_64_TO_32_BIT_CONVERSION = YES;
				GCC_WARN_ABOUT_RETURN_TYPE = YES_ERROR;
				GCC_WARN_UNDECLARED_SELECTOR = YES;
				GCC_WARN_UNINITIALIZED_AUTOS = YES_AGGRESSIVE;
				GCC_WARN_UNUSED_FUNCTION = YES;
				GCC_WARN_UNUSED_VARIABLE = YES;
				IPHONEOS_DEPLOYMENT_TARGET = 17.4;
				MTL_ENABLE_DEBUG_INFO = NO;
				MTL_FAST_MATH = YES;
				SDKROOT = iphoneos;
				SWIFT_COMPILATION_MODE = wholemodule;
				SWIFT_OPTIMIZATION_LEVEL = "-O";
				TARGETED_DEVICE_FAMILY = iPad;
				VALIDATE_PRODUCT = YES;
			};
			name = Release;
		};
		A37CF66A2AC4EF4D0023366C /* Debug */ = {
			isa = XCBuildConfiguration;
			buildSettings = {
				ASSETCATALOG_COMPILER_APPICON_NAME = AppIcon;
				ASSETCATALOG_COMPILER_GLOBAL_ACCENT_COLOR_NAME = AccentColor;
				CODE_SIGN_ENTITLEMENTS = "Ping Pong/Ping Pong.entitlements";
				CODE_SIGN_STYLE = Automatic;
				CURRENT_PROJECT_VERSION = 1;
				DEVELOPMENT_ASSET_PATHS = "\"Ping Pong/Preview Content\"";
				DEVELOPMENT_TEAM = GA9826YTZ4;
				ENABLE_PREVIEWS = YES;
				GENERATE_INFOPLIST_FILE = YES;
				INFOPLIST_FILE = "Ping-Pong-Info.plist";
				INFOPLIST_KEY_CFBundleDisplayName = "Game Tracker";
				INFOPLIST_KEY_UIApplicationSceneManifest_Generation = YES;
				INFOPLIST_KEY_UIApplicationSupportsIndirectInputEvents = YES;
				INFOPLIST_KEY_UILaunchScreen_Generation = YES;
				INFOPLIST_KEY_UIStatusBarStyle = "";
				INFOPLIST_KEY_UISupportedInterfaceOrientations_iPad = "UIInterfaceOrientationPortrait UIInterfaceOrientationPortraitUpsideDown UIInterfaceOrientationLandscapeLeft UIInterfaceOrientationLandscapeRight";
				INFOPLIST_KEY_UISupportedInterfaceOrientations_iPhone = "UIInterfaceOrientationPortrait UIInterfaceOrientationLandscapeLeft UIInterfaceOrientationLandscapeRight";
				IPHONEOS_DEPLOYMENT_TARGET = 17.2;
				LD_RUNPATH_SEARCH_PATHS = (
					"$(inherited)",
					"@executable_path/Frameworks",
				);
				MARKETING_VERSION = 1.0;
				PRODUCT_BUNDLE_IDENTIFIER = "com.lukeb.Ping-Pong";
				PRODUCT_NAME = "$(TARGET_NAME)";
				SUPPORTED_PLATFORMS = "iphoneos iphonesimulator";
				SUPPORTS_MACCATALYST = NO;
				SUPPORTS_MAC_DESIGNED_FOR_IPHONE_IPAD = NO;
				SUPPORTS_XR_DESIGNED_FOR_IPHONE_IPAD = NO;
				SWIFT_EMIT_LOC_STRINGS = YES;
				SWIFT_VERSION = 5.0;
				TARGETED_DEVICE_FAMILY = "1,2";
			};
			name = Debug;
		};
		A37CF66B2AC4EF4D0023366C /* Release */ = {
			isa = XCBuildConfiguration;
			buildSettings = {
				ASSETCATALOG_COMPILER_APPICON_NAME = AppIcon;
				ASSETCATALOG_COMPILER_GLOBAL_ACCENT_COLOR_NAME = AccentColor;
				CODE_SIGN_ENTITLEMENTS = "Ping Pong/Ping Pong.entitlements";
				CODE_SIGN_STYLE = Automatic;
				CURRENT_PROJECT_VERSION = 1;
				DEVELOPMENT_ASSET_PATHS = "\"Ping Pong/Preview Content\"";
				DEVELOPMENT_TEAM = GA9826YTZ4;
				ENABLE_PREVIEWS = YES;
				GENERATE_INFOPLIST_FILE = YES;
				INFOPLIST_FILE = "Ping-Pong-Info.plist";
				INFOPLIST_KEY_CFBundleDisplayName = "Game Tracker";
				INFOPLIST_KEY_UIApplicationSceneManifest_Generation = YES;
				INFOPLIST_KEY_UIApplicationSupportsIndirectInputEvents = YES;
				INFOPLIST_KEY_UILaunchScreen_Generation = YES;
				INFOPLIST_KEY_UIStatusBarStyle = "";
				INFOPLIST_KEY_UISupportedInterfaceOrientations_iPad = "UIInterfaceOrientationPortrait UIInterfaceOrientationPortraitUpsideDown UIInterfaceOrientationLandscapeLeft UIInterfaceOrientationLandscapeRight";
				INFOPLIST_KEY_UISupportedInterfaceOrientations_iPhone = "UIInterfaceOrientationPortrait UIInterfaceOrientationLandscapeLeft UIInterfaceOrientationLandscapeRight";
				IPHONEOS_DEPLOYMENT_TARGET = 17.2;
				LD_RUNPATH_SEARCH_PATHS = (
					"$(inherited)",
					"@executable_path/Frameworks",
				);
				MARKETING_VERSION = 1.0;
				PRODUCT_BUNDLE_IDENTIFIER = "com.lukeb.Ping-Pong";
				PRODUCT_NAME = "$(TARGET_NAME)";
				SUPPORTED_PLATFORMS = "iphoneos iphonesimulator";
				SUPPORTS_MACCATALYST = NO;
				SUPPORTS_MAC_DESIGNED_FOR_IPHONE_IPAD = NO;
				SUPPORTS_XR_DESIGNED_FOR_IPHONE_IPAD = NO;
				SWIFT_EMIT_LOC_STRINGS = YES;
				SWIFT_VERSION = 5.0;
				TARGETED_DEVICE_FAMILY = "1,2";
			};
			name = Release;
		};
/* End XCBuildConfiguration section */

/* Begin XCConfigurationList section */
		A37CF6562AC4EF4B0023366C /* Build configuration list for PBXProject "Ping Pong" */ = {
			isa = XCConfigurationList;
			buildConfigurations = (
				A37CF6672AC4EF4D0023366C /* Debug */,
				A37CF6682AC4EF4D0023366C /* Release */,
			);
			defaultConfigurationIsVisible = 0;
			defaultConfigurationName = Release;
		};
		A37CF6692AC4EF4D0023366C /* Build configuration list for PBXNativeTarget "Ping Pong" */ = {
			isa = XCConfigurationList;
			buildConfigurations = (
				A37CF66A2AC4EF4D0023366C /* Debug */,
				A37CF66B2AC4EF4D0023366C /* Release */,
			);
			defaultConfigurationIsVisible = 0;
			defaultConfigurationName = Release;
		};
/* End XCConfigurationList section */
	};
	rootObject = A37CF6532AC4EF4B0023366C /* Project object */;
}
